// !$*UTF8*$!
{
	archiveVersion = 1;
	classes = {
	};
	objectVersion = 46;
	objects = {

/* Begin PBXBuildFile section */
		72A2730F1CC0A412D7CB6BA3 /* libPods.a in Frameworks */ = {isa = PBXBuildFile; fileRef = 8CE4B148A208D48B43221B7E /* libPods.a */; };
		CD9605931B201BAE009B639A /* main.m in Sources */ = {isa = PBXBuildFile; fileRef = CD9605921B201BAE009B639A /* main.m */; };
		CD96059E1B201BAE009B639A /* Images.xcassets in Resources */ = {isa = PBXBuildFile; fileRef = CD96059D1B201BAE009B639A /* Images.xcassets */; };
		CD9605A11B201BAE009B639A /* LaunchScreen.xib in Resources */ = {isa = PBXBuildFile; fileRef = CD96059F1B201BAE009B639A /* LaunchScreen.xib */; };
		CD9605AD1B201BAE009B639A /* MSDynamicsDrawerViewController_Sample1Tests.m in Sources */ = {isa = PBXBuildFile; fileRef = CD9605AC1B201BAE009B639A /* MSDynamicsDrawerViewController_Sample1Tests.m */; };
		CD9605B81B201EBC009B639A /* Main.storyboard in Resources */ = {isa = PBXBuildFile; fileRef = CD9605B61B201EBC009B639A /* Main.storyboard */; };
		CD9605C61B201F50009B639A /* GreenScreenVC.m in Sources */ = {isa = PBXBuildFile; fileRef = CD9605BC1B201F50009B639A /* GreenScreenVC.m */; };
		CD9605C71B201F50009B639A /* HomeScreenVC.m in Sources */ = {isa = PBXBuildFile; fileRef = CD9605BE1B201F50009B639A /* HomeScreenVC.m */; };
		CD9605C81B201F50009B639A /* LoginScreenVC.m in Sources */ = {isa = PBXBuildFile; fileRef = CD9605C01B201F50009B639A /* LoginScreenVC.m */; };
		CD9605C91B201F50009B639A /* MenuViewController.m in Sources */ = {isa = PBXBuildFile; fileRef = CD9605C21B201F50009B639A /* MenuViewController.m */; };
		CD9605CA1B201F50009B639A /* RedScreenVC.m in Sources */ = {isa = PBXBuildFile; fileRef = CD9605C41B201F50009B639A /* RedScreenVC.m */; };
		CD9605CD1B201FE9009B639A /* AppDelegate.m in Sources */ = {isa = PBXBuildFile; fileRef = CD9605CC1B201FE9009B639A /* AppDelegate.m */; };
/* End PBXBuildFile section */

/* Begin PBXContainerItemProxy section */
		CD9605A71B201BAE009B639A /* PBXContainerItemProxy */ = {
			isa = PBXContainerItemProxy;
			containerPortal = CD9605851B201BAE009B639A /* Project object */;
			proxyType = 1;
			remoteGlobalIDString = CD96058C1B201BAE009B639A;
			remoteInfo = MSDynamicsDrawerViewController_Sample1;
		};
/* End PBXContainerItemProxy section */

/* Begin PBXFileReference section */
		8CE4B148A208D48B43221B7E /* libPods.a */ = {isa = PBXFileReference; explicitFileType = archive.ar; includeInIndex = 0; path = libPods.a; sourceTree = BUILT_PRODUCTS_DIR; };
		990F0C9747560E5A5E32BF98 /* Pods.debug.xcconfig */ = {isa = PBXFileReference; includeInIndex = 1; lastKnownFileType = text.xcconfig; name = Pods.debug.xcconfig; path = "Pods/Target Support Files/Pods/Pods.debug.xcconfig"; sourceTree = "<group>"; };
		CD96058D1B201BAE009B639A /* MSDynamicsDrawerViewController_Sample1.app */ = {isa = PBXFileReference; explicitFileType = wrapper.application; includeInIndex = 0; path = MSDynamicsDrawerViewController_Sample1.app; sourceTree = BUILT_PRODUCTS_DIR; };
		CD9605911B201BAE009B639A /* Info.plist */ = {isa = PBXFileReference; lastKnownFileType = text.plist.xml; path = Info.plist; sourceTree = "<group>"; };
		CD9605921B201BAE009B639A /* main.m */ = {isa = PBXFileReference; lastKnownFileType = sourcecode.c.objc; path = main.m; sourceTree = "<group>"; };
		CD96059D1B201BAE009B639A /* Images.xcassets */ = {isa = PBXFileReference; lastKnownFileType = folder.assetcatalog; path = Images.xcassets; sourceTree = "<group>"; };
		CD9605A01B201BAE009B639A /* Base */ = {isa = PBXFileReference; lastKnownFileType = file.xib; name = Base; path = Base.lproj/LaunchScreen.xib; sourceTree = "<group>"; };
		CD9605A61B201BAE009B639A /* MSDynamicsDrawerViewController_Sample1Tests.xctest */ = {isa = PBXFileReference; explicitFileType = wrapper.cfbundle; includeInIndex = 0; path = MSDynamicsDrawerViewController_Sample1Tests.xctest; sourceTree = BUILT_PRODUCTS_DIR; };
		CD9605AB1B201BAE009B639A /* Info.plist */ = {isa = PBXFileReference; lastKnownFileType = text.plist.xml; path = Info.plist; sourceTree = "<group>"; };
		CD9605AC1B201BAE009B639A /* MSDynamicsDrawerViewController_Sample1Tests.m */ = {isa = PBXFileReference; lastKnownFileType = sourcecode.c.objc; path = MSDynamicsDrawerViewController_Sample1Tests.m; sourceTree = "<group>"; };
		CD9605B71B201EBC009B639A /* Base */ = {isa = PBXFileReference; lastKnownFileType = file.storyboard; name = Base; path = Base.lproj/Main.storyboard; sourceTree = "<group>"; };
		CD9605BB1B201F50009B639A /* GreenScreenVC.h */ = {isa = PBXFileReference; fileEncoding = 4; lastKnownFileType = sourcecode.c.h; name = GreenScreenVC.h; path = MSDynamicsDrawerViewController_Sample1/GreenScreenVC.h; sourceTree = "<group>"; };
		CD9605BC1B201F50009B639A /* GreenScreenVC.m */ = {isa = PBXFileReference; fileEncoding = 4; lastKnownFileType = sourcecode.c.objc; name = GreenScreenVC.m; path = MSDynamicsDrawerViewController_Sample1/GreenScreenVC.m; sourceTree = "<group>"; };
		CD9605BD1B201F50009B639A /* HomeScreenVC.h */ = {isa = PBXFileReference; fileEncoding = 4; lastKnownFileType = sourcecode.c.h; name = HomeScreenVC.h; path = MSDynamicsDrawerViewController_Sample1/HomeScreenVC.h; sourceTree = "<group>"; };
		CD9605BE1B201F50009B639A /* HomeScreenVC.m */ = {isa = PBXFileReference; fileEncoding = 4; lastKnownFileType = sourcecode.c.objc; name = HomeScreenVC.m; path = MSDynamicsDrawerViewController_Sample1/HomeScreenVC.m; sourceTree = "<group>"; };
		CD9605BF1B201F50009B639A /* LoginScreenVC.h */ = {isa = PBXFileReference; fileEncoding = 4; lastKnownFileType = sourcecode.c.h; name = LoginScreenVC.h; path = MSDynamicsDrawerViewController_Sample1/LoginScreenVC.h; sourceTree = "<group>"; };
		CD9605C01B201F50009B639A /* LoginScreenVC.m */ = {isa = PBXFileReference; fileEncoding = 4; lastKnownFileType = sourcecode.c.objc; name = LoginScreenVC.m; path = MSDynamicsDrawerViewController_Sample1/LoginScreenVC.m; sourceTree = "<group>"; };
		CD9605C11B201F50009B639A /* MenuViewController.h */ = {isa = PBXFileReference; fileEncoding = 4; lastKnownFileType = sourcecode.c.h; name = MenuViewController.h; path = MSDynamicsDrawerViewController_Sample1/MenuViewController.h; sourceTree = "<group>"; };
		CD9605C21B201F50009B639A /* MenuViewController.m */ = {isa = PBXFileReference; fileEncoding = 4; lastKnownFileType = sourcecode.c.objc; name = MenuViewController.m; path = MSDynamicsDrawerViewController_Sample1/MenuViewController.m; sourceTree = "<group>"; };
		CD9605C31B201F50009B639A /* RedScreenVC.h */ = {isa = PBXFileReference; fileEncoding = 4; lastKnownFileType = sourcecode.c.h; name = RedScreenVC.h; path = MSDynamicsDrawerViewController_Sample1/RedScreenVC.h; sourceTree = "<group>"; };
		CD9605C41B201F50009B639A /* RedScreenVC.m */ = {isa = PBXFileReference; fileEncoding = 4; lastKnownFileType = sourcecode.c.objc; name = RedScreenVC.m; path = MSDynamicsDrawerViewController_Sample1/RedScreenVC.m; sourceTree = "<group>"; };
		CD9605CB1B201FE9009B639A /* AppDelegate.h */ = {isa = PBXFileReference; fileEncoding = 4; lastKnownFileType = sourcecode.c.h; path = AppDelegate.h; sourceTree = "<group>"; };
		CD9605CC1B201FE9009B639A /* AppDelegate.m */ = {isa = PBXFileReference; fileEncoding = 4; lastKnownFileType = sourcecode.c.objc; path = AppDelegate.m; sourceTree = "<group>"; };
		DB1CAB140EA17BE9597FFCA5 /* Pods.release.xcconfig */ = {isa = PBXFileReference; includeInIndex = 1; lastKnownFileType = text.xcconfig; name = Pods.release.xcconfig; path = "Pods/Target Support Files/Pods/Pods.release.xcconfig"; sourceTree = "<group>"; };
/* End PBXFileReference section */

/* Begin PBXFrameworksBuildPhase section */
		CD96058A1B201BAE009B639A /* Frameworks */ = {
			isa = PBXFrameworksBuildPhase;
			buildActionMask = 2147483647;
			files = (
				72A2730F1CC0A412D7CB6BA3 /* libPods.a in Frameworks */,
			);
			runOnlyForDeploymentPostprocessing = 0;
		};
		CD9605A31B201BAE009B639A /* Frameworks */ = {
			isa = PBXFrameworksBuildPhase;
			buildActionMask = 2147483647;
			files = (
			);
			runOnlyForDeploymentPostprocessing = 0;
		};
/* End PBXFrameworksBuildPhase section */

/* Begin PBXGroup section */
		C4925E3A55A19B6697C45428 /* Pods */ = {
			isa = PBXGroup;
			children = (
				990F0C9747560E5A5E32BF98 /* Pods.debug.xcconfig */,
				DB1CAB140EA17BE9597FFCA5 /* Pods.release.xcconfig */,
			);
			name = Pods;
			sourceTree = "<group>";
		};
		CB091A16A822A5A389A0FAF3 /* Frameworks */ = {
			isa = PBXGroup;
			children = (
				8CE4B148A208D48B43221B7E /* libPods.a */,
			);
			name = Frameworks;
			sourceTree = "<group>";
		};
		CD9605841B201BAE009B639A = {
			isa = PBXGroup;
			children = (
				CD9605BB1B201F50009B639A /* GreenScreenVC.h */,
				CD9605BC1B201F50009B639A /* GreenScreenVC.m */,
				CD9605BD1B201F50009B639A /* HomeScreenVC.h */,
				CD9605BE1B201F50009B639A /* HomeScreenVC.m */,
				CD9605BF1B201F50009B639A /* LoginScreenVC.h */,
				CD9605C01B201F50009B639A /* LoginScreenVC.m */,
				CD9605C11B201F50009B639A /* MenuViewController.h */,
				CD9605C21B201F50009B639A /* MenuViewController.m */,
				CD9605C31B201F50009B639A /* RedScreenVC.h */,
				CD9605C41B201F50009B639A /* RedScreenVC.m */,
				CD96058F1B201BAE009B639A /* MSDynamicsDrawerViewController_Sample1 */,
				CD9605A91B201BAE009B639A /* MSDynamicsDrawerViewController_Sample1Tests */,
				CD96058E1B201BAE009B639A /* Products */,
				C4925E3A55A19B6697C45428 /* Pods */,
				CB091A16A822A5A389A0FAF3 /* Frameworks */,
			);
			sourceTree = "<group>";
		};
		CD96058E1B201BAE009B639A /* Products */ = {
			isa = PBXGroup;
			children = (
				CD96058D1B201BAE009B639A /* MSDynamicsDrawerViewController_Sample1.app */,
				CD9605A61B201BAE009B639A /* MSDynamicsDrawerViewController_Sample1Tests.xctest */,
			);
			name = Products;
			sourceTree = "<group>";
		};
		CD96058F1B201BAE009B639A /* MSDynamicsDrawerViewController_Sample1 */ = {
			isa = PBXGroup;
			children = (
				CD9605CB1B201FE9009B639A /* AppDelegate.h */,
				CD9605CC1B201FE9009B639A /* AppDelegate.m */,
				CD9605B61B201EBC009B639A /* Main.storyboard */,
				CD96059D1B201BAE009B639A /* Images.xcassets */,
				CD96059F1B201BAE009B639A /* LaunchScreen.xib */,
				CD9605901B201BAE009B639A /* Supporting Files */,
			);
			path = MSDynamicsDrawerViewController_Sample1;
			sourceTree = "<group>";
		};
		CD9605901B201BAE009B639A /* Supporting Files */ = {
			isa = PBXGroup;
			children = (
				CD9605911B201BAE009B639A /* Info.plist */,
				CD9605921B201BAE009B639A /* main.m */,
			);
			name = "Supporting Files";
			sourceTree = "<group>";
		};
		CD9605A91B201BAE009B639A /* MSDynamicsDrawerViewController_Sample1Tests */ = {
			isa = PBXGroup;
			children = (
				CD9605AC1B201BAE009B639A /* MSDynamicsDrawerViewController_Sample1Tests.m */,
				CD9605AA1B201BAE009B639A /* Supporting Files */,
			);
			path = MSDynamicsDrawerViewController_Sample1Tests;
			sourceTree = "<group>";
		};
		CD9605AA1B201BAE009B639A /* Supporting Files */ = {
			isa = PBXGroup;
			children = (
				CD9605AB1B201BAE009B639A /* Info.plist */,
			);
			name = "Supporting Files";
			sourceTree = "<group>";
		};
/* End PBXGroup section */

/* Begin PBXNativeTarget section */
		CD96058C1B201BAE009B639A /* MSDynamicsDrawerViewController_Sample1 */ = {
			isa = PBXNativeTarget;
			buildConfigurationList = CD9605B01B201BAE009B639A /* Build configuration list for PBXNativeTarget "MSDynamicsDrawerViewController_Sample1" */;
			buildPhases = (
				AD2B996FDE1D2EE283DF336C /* Check Pods Manifest.lock */,
				CD9605891B201BAE009B639A /* Sources */,
				CD96058A1B201BAE009B639A /* Frameworks */,
				CD96058B1B201BAE009B639A /* Resources */,
				F99402B2FDDAA30EA7C953B4 /* Copy Pods Resources */,
			);
			buildRules = (
			);
			dependencies = (
			);
			name = MSDynamicsDrawerViewController_Sample1;
			productName = MSDynamicsDrawerViewController_Sample1;
			productReference = CD96058D1B201BAE009B639A /* MSDynamicsDrawerViewController_Sample1.app */;
			productType = "com.apple.product-type.application";
		};
		CD9605A51B201BAE009B639A /* MSDynamicsDrawerViewController_Sample1Tests */ = {
			isa = PBXNativeTarget;
			buildConfigurationList = CD9605B31B201BAE009B639A /* Build configuration list for PBXNativeTarget "MSDynamicsDrawerViewController_Sample1Tests" */;
			buildPhases = (
				CD9605A21B201BAE009B639A /* Sources */,
				CD9605A31B201BAE009B639A /* Frameworks */,
				CD9605A41B201BAE009B639A /* Resources */,
			);
			buildRules = (
			);
			dependencies = (
				CD9605A81B201BAE009B639A /* PBXTargetDependency */,
			);
			name = MSDynamicsDrawerViewController_Sample1Tests;
			productName = MSDynamicsDrawerViewController_Sample1Tests;
			productReference = CD9605A61B201BAE009B639A /* MSDynamicsDrawerViewController_Sample1Tests.xctest */;
			productType = "com.apple.product-type.bundle.unit-test";
		};
/* End PBXNativeTarget section */

/* Begin PBXProject section */
		CD9605851B201BAE009B639A /* Project object */ = {
			isa = PBXProject;
			attributes = {
				LastUpgradeCheck = 0630;
				ORGANIZATIONNAME = "Saugat Gautam";
				TargetAttributes = {
					CD96058C1B201BAE009B639A = {
						CreatedOnToolsVersion = 6.3;
					};
					CD9605A51B201BAE009B639A = {
						CreatedOnToolsVersion = 6.3;
						TestTargetID = CD96058C1B201BAE009B639A;
					};
				};
			};
			buildConfigurationList = CD9605881B201BAE009B639A /* Build configuration list for PBXProject "MSDynamicsDrawerViewController_Sample1" */;
			compatibilityVersion = "Xcode 3.2";
			developmentRegion = English;
			hasScannedForEncodings = 0;
			knownRegions = (
				en,
				Base,
			);
			mainGroup = CD9605841B201BAE009B639A;
			productRefGroup = CD96058E1B201BAE009B639A /* Products */;
			projectDirPath = "";
			projectRoot = "";
			targets = (
				CD96058C1B201BAE009B639A /* MSDynamicsDrawerViewController_Sample1 */,
				CD9605A51B201BAE009B639A /* MSDynamicsDrawerViewController_Sample1Tests */,
			);
		};
/* End PBXProject section */

/* Begin PBXResourcesBuildPhase section */
		CD96058B1B201BAE009B639A /* Resources */ = {
			isa = PBXResourcesBuildPhase;
			buildActionMask = 2147483647;
			files = (
				CD9605B81B201EBC009B639A /* Main.storyboard in Resources */,
				CD9605A11B201BAE009B639A /* LaunchScreen.xib in Resources */,
				CD96059E1B201BAE009B639A /* Images.xcassets in Resources */,
			);
			runOnlyForDeploymentPostprocessing = 0;
		};
		CD9605A41B201BAE009B639A /* Resources */ = {
			isa = PBXResourcesBuildPhase;
			buildActionMask = 2147483647;
			files = (
			);
			runOnlyForDeploymentPostprocessing = 0;
		};
/* End PBXResourcesBuildPhase section */

/* Begin PBXShellScriptBuildPhase section */
		AD2B996FDE1D2EE283DF336C /* Check Pods Manifest.lock */ = {
			isa = PBXShellScriptBuildPhase;
			buildActionMask = 2147483647;
			files = (
			);
			inputPaths = (
			);
			name = "Check Pods Manifest.lock";
			outputPaths = (
			);
			runOnlyForDeploymentPostprocessing = 0;
			shellPath = /bin/sh;
			shellScript = "diff \"${PODS_ROOT}/../Podfile.lock\" \"${PODS_ROOT}/Manifest.lock\" > /dev/null\nif [[ $? != 0 ]] ; then\n    cat << EOM\nerror: The sandbox is not in sync with the Podfile.lock. Run 'pod install' or update your CocoaPods installation.\nEOM\n    exit 1\nfi\n";
			showEnvVarsInLog = 0;
		};
		F99402B2FDDAA30EA7C953B4 /* Copy Pods Resources */ = {
			isa = PBXShellScriptBuildPhase;
			buildActionMask = 2147483647;
			files = (
			);
			inputPaths = (
			);
			name = "Copy Pods Resources";
			outputPaths = (
			);
			runOnlyForDeploymentPostprocessing = 0;
			shellPath = /bin/sh;
			shellScript = "\"${SRCROOT}/Pods/Target Support Files/Pods/Pods-resources.sh\"\n";
			showEnvVarsInLog = 0;
		};
/* End PBXShellScriptBuildPhase section */

/* Begin PBXSourcesBuildPhase section */
		CD9605891B201BAE009B639A /* Sources */ = {
			isa = PBXSourcesBuildPhase;
			buildActionMask = 2147483647;
			files = (
				CD9605C81B201F50009B639A /* LoginScreenVC.m in Sources */,
				CD9605C61B201F50009B639A /* GreenScreenVC.m in Sources */,
				CD9605C71B201F50009B639A /* HomeScreenVC.m in Sources */,
				CD9605CA1B201F50009B639A /* RedScreenVC.m in Sources */,
				CD9605CD1B201FE9009B639A /* AppDelegate.m in Sources */,
				CD9605C91B201F50009B639A /* MenuViewController.m in Sources */,
				CD9605931B201BAE009B639A /* main.m in Sources */,
			);
			runOnlyForDeploymentPostprocessing = 0;
		};
		CD9605A21B201BAE009B639A /* Sources */ = {
			isa = PBXSourcesBuildPhase;
			buildActionMask = 2147483647;
			files = (
				CD9605AD1B201BAE009B639A /* MSDynamicsDrawerViewController_Sample1Tests.m in Sources */,
			);
			runOnlyForDeploymentPostprocessing = 0;
		};
/* End PBXSourcesBuildPhase section */

/* Begin PBXTargetDependency section */
		CD9605A81B201BAE009B639A /* PBXTargetDependency */ = {
			isa = PBXTargetDependency;
			target = CD96058C1B201BAE009B639A /* MSDynamicsDrawerViewController_Sample1 */;
			targetProxy = CD9605A71B201BAE009B639A /* PBXContainerItemProxy */;
		};
/* End PBXTargetDependency section */

/* Begin PBXVariantGroup section */
		CD96059F1B201BAE009B639A /* LaunchScreen.xib */ = {
			isa = PBXVariantGroup;
			children = (
				CD9605A01B201BAE009B639A /* Base */,
			);
			name = LaunchScreen.xib;
			sourceTree = "<group>";
		};
		CD9605B61B201EBC009B639A /* Main.storyboard */ = {
			isa = PBXVariantGroup;
			children = (
				CD9605B71B201EBC009B639A /* Base */,
			);
			name = Main.storyboard;
			sourceTree = "<group>";
		};
/* End PBXVariantGroup section */

/* Begin XCBuildConfiguration section */
		CD9605AE1B201BAE009B639A /* Debug */ = {
			isa = XCBuildConfiguration;
			buildSettings = {
				ALWAYS_SEARCH_USER_PATHS = NO;
				CLANG_CXX_LANGUAGE_STANDARD = "gnu++0x";
				CLANG_CXX_LIBRARY = "libc++";
				CLANG_ENABLE_MODULES = YES;
				CLANG_ENABLE_OBJC_ARC = YES;
				CLANG_WARN_BOOL_CONVERSION = YES;
				CLANG_WARN_CONSTANT_CONVERSION = YES;
				CLANG_WARN_DIRECT_OBJC_ISA_USAGE = YES_ERROR;
				CLANG_WARN_EMPTY_BODY = YES;
				CLANG_WARN_ENUM_CONVERSION = YES;
				CLANG_WARN_INT_CONVERSION = YES;
				CLANG_WARN_OBJC_ROOT_CLASS = YES_ERROR;
				CLANG_WARN_UNREACHABLE_CODE = YES;
				CLANG_WARN__DUPLICATE_METHOD_MATCH = YES;
				"CODE_SIGN_IDENTITY[sdk=iphoneos*]" = "iPhone Developer";
				COPY_PHASE_STRIP = NO;
				DEBUG_INFORMATION_FORMAT = "dwarf-with-dsym";
				ENABLE_STRICT_OBJC_MSGSEND = YES;
				GCC_C_LANGUAGE_STANDARD = gnu99;
				GCC_DYNAMIC_NO_PIC = NO;
				GCC_NO_COMMON_BLOCKS = YES;
				GCC_OPTIMIZATION_LEVEL = 0;
				GCC_PREPROCESSOR_DEFINITIONS = (
					"DEBUG=1",
					"$(inherited)",
				);
				GCC_SYMBOLS_PRIVATE_EXTERN = NO;
				GCC_WARN_64_TO_32_BIT_CONVERSION = YES;
				GCC_WARN_ABOUT_RETURN_TYPE = YES_ERROR;
				GCC_WARN_UNDECLARED_SELECTOR = YES;
				GCC_WARN_UNINITIALIZED_AUTOS = YES_AGGRESSIVE;
				GCC_WARN_UNUSED_FUNCTION = YES;
				GCC_WARN_UNUSED_VARIABLE = YES;
				IPHONEOS_DEPLOYMENT_TARGET = 8.3;
				MTL_ENABLE_DEBUG_INFO = YES;
				ONLY_ACTIVE_ARCH = YES;
				SDKROOT = iphoneos;
				TARGETED_DEVICE_FAMILY = "1,2";
			};
			name = Debug;
		};
		CD9605AF1B201BAE009B639A /* Release */ = {
			isa = XCBuildConfiguration;
			buildSettings = {
				ALWAYS_SEARCH_USER_PATHS = NO;
				CLANG_CXX_LANGUAGE_STANDARD = "gnu++0x";
				CLANG_CXX_LIBRARY = "libc++";
				CLANG_ENABLE_MODULES = YES;
				CLANG_ENABLE_OBJC_ARC = YES;
				CLANG_WARN_BOOL_CONVERSION = YES;
				CLANG_WARN_CONSTANT_CONVERSION = YES;
				CLANG_WARN_DIRECT_OBJC_ISA_USAGE = YES_ERROR;
				CLANG_WARN_EMPTY_BODY = YES;
				CLANG_WARN_ENUM_CONVERSION = YES;
				CLANG_WARN_INT_CONVERSION = YES;
				CLANG_WARN_OBJC_ROOT_CLASS = YES_ERROR;
				CLANG_WARN_UNREACHABLE_CODE = YES;
				CLANG_WARN__DUPLICATE_METHOD_MATCH = YES;
				"CODE_SIGN_IDENTITY[sdk=iphoneos*]" = "iPhone Developer";
				COPY_PHASE_STRIP = NO;
				DEBUG_INFORMATION_FORMAT = "dwarf-with-dsym";
				ENABLE_NS_ASSERTIONS = NO;
				ENABLE_STRICT_OBJC_MSGSEND = YES;
				GCC_C_LANGUAGE_STANDARD = gnu99;
				GCC_NO_COMMON_BLOCKS = YES;
				GCC_WARN_64_TO_32_BIT_CONVERSION = YES;
				GCC_WARN_ABOUT_RETURN_TYPE = YES_ERROR;
				GCC_WARN_UNDECLARED_SELECTOR = YES;
				GCC_WARN_UNINITIALIZED_AUTOS = YES_AGGRESSIVE;
				GCC_WARN_UNUSED_FUNCTION = YES;
				GCC_WARN_UNUSED_VARIABLE = YES;
				IPHONEOS_DEPLOYMENT_TARGET = 8.3;
				MTL_ENABLE_DEBUG_INFO = NO;
				SDKROOT = iphoneos;
				TARGETED_DEVICE_FAMILY = "1,2";
				VALIDATE_PRODUCT = YES;
			};
			name = Release;
		};
		CD9605B11B201BAE009B639A /* Debug */ = {
			isa = XCBuildConfiguration;
			baseConfigurationReference = 990F0C9747560E5A5E32BF98 /* Pods.debug.xcconfig */;
			buildSettings = {
				ASSETCATALOG_COMPILER_APPICON_NAME = AppIcon;
				INFOPLIST_FILE = MSDynamicsDrawerViewController_Sample1/Info.plist;
				LD_RUNPATH_SEARCH_PATHS = "$(inherited) @executable_path/Frameworks";
				PRODUCT_NAME = "$(TARGET_NAME)";
			};
			name = Debug;
		};
		CD9605B21B201BAE009B639A /* Release */ = {
			isa = XCBuildConfiguration;
			baseConfigurationReference = DB1CAB140EA17BE9597FFCA5 /* Pods.release.xcconfig */;
			buildSettings = {
				ASSETCATALOG_COMPILER_APPICON_NAME = AppIcon;
				INFOPLIST_FILE = MSDynamicsDrawerViewController_Sample1/Info.plist;
				LD_RUNPATH_SEARCH_PATHS = "$(inherited) @executable_path/Frameworks";
				PRODUCT_NAME = "$(TARGET_NAME)";
			};
			name = Release;
		};
		CD9605B41B201BAE009B639A /* Debug */ = {
			isa = XCBuildConfiguration;
			buildSettings = {
				BUNDLE_LOADER = "$(TEST_HOST)";
				FRAMEWORK_SEARCH_PATHS = (
					"$(SDKROOT)/Developer/Library/Frameworks",
					"$(inherited)",
				);
				GCC_PREPROCESSOR_DEFINITIONS = (
					"DEBUG=1",
					"$(inherited)",
				);
				INFOPLIST_FILE = MSDynamicsDrawerViewController_Sample1Tests/Info.plist;
				LD_RUNPATH_SEARCH_PATHS = "$(inherited) @executable_path/Frameworks @loader_path/Frameworks";
				PRODUCT_NAME = "$(TARGET_NAME)";
				TEST_HOST = "$(BUILT_PRODUCTS_DIR)/MSDynamicsDrawerViewController_Sample1.app/MSDynamicsDrawerViewController_Sample1";
			};
			name = Debug;
		};
		CD9605B51B201BAE009B639A /* Release */ = {
			isa = XCBuildConfiguration;
			buildSettings = {
				BUNDLE_LOADER = "$(TEST_HOST)";
				FRAMEWORK_SEARCH_PATHS = (
					"$(SDKROOT)/Developer/Library/Frameworks",
					"$(inherited)",
				);
				INFOPLIST_FILE = MSDynamicsDrawerViewController_Sample1Tests/Info.plist;
				LD_RUNPATH_SEARCH_PATHS = "$(inherited) @executable_path/Frameworks @loader_path/Frameworks";
				PRODUCT_NAME = "$(TARGET_NAME)";
				TEST_HOST = "$(BUILT_PRODUCTS_DIR)/MSDynamicsDrawerViewController_Sample1.app/MSDynamicsDrawerViewController_Sample1";
			};
			name = Release;
		};
/* End XCBuildConfiguration section */

/* Begin XCConfigurationList section */
		CD9605881B201BAE009B639A /* Build configuration list for PBXProject "MSDynamicsDrawerViewController_Sample1" */ = {
			isa = XCConfigurationList;
			buildConfigurations = (
				CD9605AE1B201BAE009B639A /* Debug */,
				CD9605AF1B201BAE009B639A /* Release */,
			);
			defaultConfigurationIsVisible = 0;
			defaultConfigurationName = Release;
		};
		CD9605B01B201BAE009B639A /* Build configuration list for PBXNativeTarget "MSDynamicsDrawerViewController_Sample1" */ = {
			isa = XCConfigurationList;
			buildConfigurations = (
				CD9605B11B201BAE009B639A /* Debug */,
				CD9605B21B201BAE009B639A /* Release */,
			);
			defaultConfigurationIsVisible = 0;
			defaultConfigurationName = Release;
		};
		CD9605B31B201BAE009B639A /* Build configuration list for PBXNativeTarget "MSDynamicsDrawerViewController_Sample1Tests" */ = {
			isa = XCConfigurationList;
			buildConfigurations = (
				CD9605B41B201BAE009B639A /* Debug */,
				CD9605B51B201BAE009B639A /* Release */,
			);
			defaultConfigurationIsVisible = 0;
			defaultConfigurationName = Release;
		};
/* End XCConfigurationList section */
	};
	rootObject = CD9605851B201BAE009B639A /* Project object */;
}
